Microsoft Visual Studio Solution File, Format Version 12.00
# Visual Studio Version 17
VisualStudioVersion = 17.5.2.0
MinimumVisualStudioVersion = 10.0.40219.1
Project("{2150E333-8FDC-42A3-9474-1A3956D46DE8}") = "src", "src", "{827E0CD3-B72D-47B6-A68D-7590B98EB39B}"
EndProject
Project("{2150E333-8FDC-42A3-9474-1A3956D46DE8}") = "tests", "tests", "{0AB3BF05-4346-4AA6-1389-037BE0695223}"
EndProject
Project("{FAE04EC0-301F-11D3-BF4B-00C04F79EFBC}") = "ProcureDesk.Api", "src\ProcureDesk.Api\ProcureDesk.Api.csproj", "{2A2C5D69-8EF1-FC97-2390-5A2123D26540}"
EndProject
Project("{FAE04EC0-301F-11D3-BF4B-00C04F79EFBC}") = "ProcureDesk.Infrastructure", "src\ProcureDesk.Infrastructure\ProcureDesk.Infrastructure.csproj", "{FDD93425-2468-E96E-11F4-7C4E2C1B60AA}"
EndProject
Project("{FAE04EC0-301F-11D3-BF4B-00C04F79EFBC}") = "ProcureDesk.Domain", "src\ProcureDesk.Domain\ProcureDesk.Domain.csproj", "{2D825361-27C8-8262-DACC-CE977D82E3DE}"
EndProject
Project("{FAE04EC0-301F-11D3-BF4B-00C04F79EFBC}") = "ProcureDesk.Application", "src\ProcureDesk.Application\ProcureDesk.Application.csproj", "{9B732ADF-1312-98C8-F32E-A84FA1A0358C}"
EndProject
Project("{FAE04EC0-301F-11D3-BF4B-00C04F79EFBC}") = "ProcureDesk.Tests", "tests\ProcureDesk.Tests\ProcureDesk.Tests.csproj", "{48216B9C-EE21-61C3-0563-79A29169A880}"
EndProject
Global
	GlobalSection(SolutionConfigurationPlatforms) = preSolution
		Debug|Any CPU = Debug|Any CPU
		Release|Any CPU = Release|Any CPU
	EndGlobalSection
	GlobalSection(ProjectConfigurationPlatforms) = postSolution
		{2A2C5D69-8EF1-FC97-2390-5A2123D26540}.Debug|Any CPU.ActiveCfg = Debug|Any CPU
		{2A2C5D69-8EF1-FC97-2390-5A2123D26540}.Debug|Any CPU.Build.0 = Debug|Any CPU
		{2A2C5D69-8EF1-FC97-2390-5A2123D26540}.Release|Any CPU.ActiveCfg = Release|Any CPU
		{2A2C5D69-8EF1-FC97-2390-5A2123D26540}.Release|Any CPU.Build.0 = Release|Any CPU
		{FDD93425-2468-E96E-11F4-7C4E2C1B60AA}.Debug|Any CPU.ActiveCfg = Debug|Any CPU
		{FDD93425-2468-E96E-11F4-7C4E2C1B60AA}.Debug|Any CPU.Build.0 = Debug|Any CPU
		{FDD93425-2468-E96E-11F4-7C4E2C1B60AA}.Release|Any CPU.ActiveCfg = Release|Any CPU
		{FDD93425-2468-E96E-11F4-7C4E2C1B60AA}.Release|Any CPU.Build.0 = Release|Any CPU
		{2D825361-27C8-8262-DACC-CE977D82E3DE}.Debug|Any CPU.ActiveCfg = Debug|Any CPU
		{2D825361-27C8-8262-DACC-CE977D82E3DE}.Debug|Any CPU.Build.0 = Debug|Any CPU
		{2D825361-27C8-8262-DACC-CE977D82E3DE}.Release|Any CPU.ActiveCfg = Release|Any CPU
		{2D825361-27C8-8262-DACC-CE977D82E3DE}.Release|Any CPU.Build.0 = Release|Any CPU
		{9B732ADF-1312-98C8-F32E-A84FA1A0358C}.Debug|Any CPU.ActiveCfg = Debug|Any CPU
		{9B732ADF-1312-98C8-F32E-A84FA1A0358C}.Debug|Any CPU.Build.0 = Debug|Any CPU
		{9B732ADF-1312-98C8-F32E-A84FA1A0358C}.Release|Any CPU.ActiveCfg = Release|Any CPU
		{9B732ADF-1312-98C8-F32E-A84FA1A0358C}.Release|Any CPU.Build.0 = Release|Any CPU
		{48216B9C-EE21-61C3-0563-79A29169A880}.Debug|Any CPU.ActiveCfg = Debug|Any CPU
		{48216B9C-EE21-61C3-0563-79A29169A880}.Debug|Any CPU.Build.0 = Debug|Any CPU
		{48216B9C-EE21-61C3-0563-79A29169A880}.Release|Any CPU.ActiveCfg = Release|Any CPU
		{48216B9C-EE21-61C3-0563-79A29169A880}.Release|Any CPU.Build.0 = Release|Any CPU
	EndGlobalSection
	GlobalSection(SolutionProperties) = preSolution
		HideSolutionNode = FALSE
	EndGlobalSection
	GlobalSection(NestedProjects) = preSolution
		{2A2C5D69-8EF1-FC97-2390-5A2123D26540} = {827E0CD3-B72D-47B6-A68D-7590B98EB39B}
		{FDD93425-2468-E96E-11F4-7C4E2C1B60AA} = {827E0CD3-B72D-47B6-A68D-7590B98EB39B}
		{2D825361-27C8-8262-DACC-CE977D82E3DE} = {827E0CD3-B72D-47B6-A68D-7590B98EB39B}
		{9B732ADF-1312-98C8-F32E-A84FA1A0358C} = {827E0CD3-B72D-47B6-A68D-7590B98EB39B}
		{48216B9C-EE21-61C3-0563-79A29169A880} = {0AB3BF05-4346-4AA6-1389-037BE0695223}
	EndGlobalSection
	GlobalSection(ExtensibilityGlobals) = postSolution
		SolutionGuid = {951FFA95-0E0B-431B-AAD6-881A73D48B5A}
	EndGlobalSection
EndGlobal
